
Microsoft Visual Studio Solution File, Format Version 12.00
# Visual Studio Version 17
VisualStudioVersion = 17.2.32616.157
MinimumVisualStudioVersion = 10.0.40219.1
Project("{FAE04EC0-301F-11D3-BF4B-00C04F79EFBC}") = "Bilgi_Yarismasi", "Bilgi_Yarismasi\Bilgi_Yarismasi.csproj", "{3D1EEF89-859F-429B-BE73-1A5EE65977DC}"
EndProject
Global
	GlobalSection(SolutionConfigurationPlatforms) = preSolution
		Debug|Any CPU = Debug|Any CPU
		Release|Any CPU = Release|Any CPU
	EndGlobalSection
	GlobalSection(ProjectConfigurationPlatforms) = postSolution
		{3D1EEF89-859F-429B-BE73-1A5EE65977DC}.Debug|Any CPU.ActiveCfg = Debug|Any CPU
		{3D1EEF89-859F-429B-BE73-1A5EE65977DC}.Debug|Any CPU.Build.0 = Debug|Any CPU
		{3D1EEF89-859F-429B-BE73-1A5EE65977DC}.Release|Any CPU.ActiveCfg = Release|Any CPU
		{3D1EEF89-859F-429B-BE73-1A5EE65977DC}.Release|Any CPU.Build.0 = Release|Any CPU
	EndGlobalSection
	GlobalSection(SolutionProperties) = preSolution
		HideSolutionNode = FALSE
	EndGlobalSection
	GlobalSection(ExtensibilityGlobals) = postSolution
		SolutionGuid = {D81FDC90-9EB7-46E4-89AE-CAD8F2AB72FD}
	EndGlobalSection
EndGlobal
